
Microsoft Visual Studio Solution File, Format Version 12.00
# Visual Studio Version 16
VisualStudioVersion = 16.0.30711.63
MinimumVisualStudioVersion = 10.0.40219.1
Project("{FAE04EC0-301F-11D3-BF4B-00C04F79EFBC}") = "PhotoSorter", "PhotoSorter\PhotoSorter.csproj", "{207D452D-8C08-455F-8DF8-CB4BB1961656}"
EndProject
Global
	GlobalSection(SolutionConfigurationPlatforms) = preSolution
		Debug|Any CPU = Debug|Any CPU
		Release|Any CPU = Release|Any CPU
	EndGlobalSection
	GlobalSection(ProjectConfigurationPlatforms) = postSolution
		{207D452D-8C08-455F-8DF8-CB4BB1961656}.Debug|Any CPU.ActiveCfg = Debug|Any CPU
		{207D452D-8C08-455F-8DF8-CB4BB1961656}.Debug|Any CPU.Build.0 = Debug|Any CPU
		{207D452D-8C08-455F-8DF8-CB4BB1961656}.Release|Any CPU.ActiveCfg = Release|Any CPU
		{207D452D-8C08-455F-8DF8-CB4BB1961656}.Release|Any CPU.Build.0 = Release|Any CPU
	EndGlobalSection
	GlobalSection(SolutionProperties) = preSolution
		HideSolutionNode = FALSE
	EndGlobalSection
	GlobalSection(ExtensibilityGlobals) = postSolution
		SolutionGuid = {44F0C56F-7998-4C4B-8BB0-1C99F8141489}
	EndGlobalSection
EndGlobal
